
Microsoft Visual Studio Solution File, Format Version 12.00
# Visual Studio Version 16
VisualStudioVersion = 16.0.29519.181
MinimumVisualStudioVersion = 10.0.40219.1
Project("{FAE04EC0-301F-11D3-BF4B-00C04F79EFBC}") = "SIESC", "SIESC\SIESC.csproj", "{74B0FD10-DBB5-40B3-84B2-5A332A93CBA7}"
EndProject
Project("{FAE04EC0-301F-11D3-BF4B-00C04F79EFBC}") = "SIESC_BD", "SIESC_BD\SIESC_BD.csproj", "{519BB1CF-216A-4467-AA80-DBF095E1BDE2}"
EndProject
Project("{FAE04EC0-301F-11D3-BF4B-00C04F79EFBC}") = "SIESC_UI", "SIESC_UI\SIESC_UI.csproj", "{AD311CC0-D516-4AE9-9840-AA8FA42FB1D8}"
EndProject
Project("{FAE04EC0-301F-11D3-BF4B-00C04F79EFBC}") = "SIESC_WEB", "SIESC_WEB\SIESC_WEB.csproj", "{E398AEC5-D722-4F0C-8171-1A782DBC3412}"
EndProject
Project("{2150E333-8FDC-42A3-9474-1A3956D46DE8}") = ".nuget", ".nuget", "{B4744C68-380C-4732-80F3-B59A97F64005}"
	ProjectSection(SolutionItems) = preProject
		.nuget\packages.config = .nuget\packages.config
	EndProjectSection
EndProject
Global
	GlobalSection(SolutionConfigurationPlatforms) = preSolution
		Debug|Any CPU = Debug|Any CPU
		Debug|x86 = Debug|x86
		Release|Any CPU = Release|Any CPU
		Release|x86 = Release|x86
	EndGlobalSection
	GlobalSection(ProjectConfigurationPlatforms) = postSolution
		{74B0FD10-DBB5-40B3-84B2-5A332A93CBA7}.Debug|Any CPU.ActiveCfg = Debug|Any CPU
		{74B0FD10-DBB5-40B3-84B2-5A332A93CBA7}.Debug|Any CPU.Build.0 = Debug|Any CPU
		{74B0FD10-DBB5-40B3-84B2-5A332A93CBA7}.Debug|x86.ActiveCfg = Debug|x86
		{74B0FD10-DBB5-40B3-84B2-5A332A93CBA7}.Debug|x86.Build.0 = Debug|x86
		{74B0FD10-DBB5-40B3-84B2-5A332A93CBA7}.Release|Any CPU.ActiveCfg = Release|Any CPU
		{74B0FD10-DBB5-40B3-84B2-5A332A93CBA7}.Release|Any CPU.Build.0 = Release|Any CPU
		{74B0FD10-DBB5-40B3-84B2-5A332A93CBA7}.Release|x86.ActiveCfg = Release|x86
		{74B0FD10-DBB5-40B3-84B2-5A332A93CBA7}.Release|x86.Build.0 = Release|x86
		{519BB1CF-216A-4467-AA80-DBF095E1BDE2}.Debug|Any CPU.ActiveCfg = Debug|Any CPU
		{519BB1CF-216A-4467-AA80-DBF095E1BDE2}.Debug|Any CPU.Build.0 = Debug|Any CPU
		{519BB1CF-216A-4467-AA80-DBF095E1BDE2}.Debug|x86.ActiveCfg = Debug|x86
		{519BB1CF-216A-4467-AA80-DBF095E1BDE2}.Debug|x86.Build.0 = Debug|x86
		{519BB1CF-216A-4467-AA80-DBF095E1BDE2}.Release|Any CPU.ActiveCfg = Release|Any CPU
		{519BB1CF-216A-4467-AA80-DBF095E1BDE2}.Release|Any CPU.Build.0 = Release|Any CPU
		{519BB1CF-216A-4467-AA80-DBF095E1BDE2}.Release|x86.ActiveCfg = Release|x86
		{519BB1CF-216A-4467-AA80-DBF095E1BDE2}.Release|x86.Build.0 = Release|x86
		{AD311CC0-D516-4AE9-9840-AA8FA42FB1D8}.Debug|Any CPU.ActiveCfg = Debug|Any CPU
		{AD311CC0-D516-4AE9-9840-AA8FA42FB1D8}.Debug|Any CPU.Build.0 = Debug|Any CPU
		{AD311CC0-D516-4AE9-9840-AA8FA42FB1D8}.Debug|x86.ActiveCfg = Debug|x86
		{AD311CC0-D516-4AE9-9840-AA8FA42FB1D8}.Debug|x86.Build.0 = Debug|x86
		{AD311CC0-D516-4AE9-9840-AA8FA42FB1D8}.Release|Any CPU.ActiveCfg = Release|Any CPU
		{AD311CC0-D516-4AE9-9840-AA8FA42FB1D8}.Release|Any CPU.Build.0 = Release|Any CPU
		{AD311CC0-D516-4AE9-9840-AA8FA42FB1D8}.Release|x86.ActiveCfg = Release|x86
		{AD311CC0-D516-4AE9-9840-AA8FA42FB1D8}.Release|x86.Build.0 = Release|x86
		{E398AEC5-D722-4F0C-8171-1A782DBC3412}.Debug|Any CPU.ActiveCfg = Debug|Any CPU
		{E398AEC5-D722-4F0C-8171-1A782DBC3412}.Debug|Any CPU.Build.0 = Debug|Any CPU
		{E398AEC5-D722-4F0C-8171-1A782DBC3412}.Debug|x86.ActiveCfg = Debug|Any CPU
		{E398AEC5-D722-4F0C-8171-1A782DBC3412}.Release|Any CPU.ActiveCfg = Release|Any CPU
		{E398AEC5-D722-4F0C-8171-1A782DBC3412}.Release|Any CPU.Build.0 = Release|Any CPU
		{E398AEC5-D722-4F0C-8171-1A782DBC3412}.Release|x86.ActiveCfg = Release|Any CPU
	EndGlobalSection
	GlobalSection(SolutionProperties) = preSolution
		HideSolutionNode = FALSE
	EndGlobalSection
	GlobalSection(ExtensibilityGlobals) = postSolution
		SolutionGuid = {B1A25D63-FC08-4407-B990-18CE2BB3CAE5}
	EndGlobalSection
EndGlobal
